<?xml version="1.0" encoding="utf-8"?>
<Project ToolsVersion="4.0" xmlns="http://schemas.microsoft.com/developer/msbuild/2003">
  <ItemGroup>
    <Filter Include="Source Files">
      <UniqueIdentifier>{4FC737F1-C7A5-4376-A066-2A32D752A2FF}</UniqueIdentifier>
      <Extensions>cpp;c;cc;cxx;def;odl;idl;hpj;bat;asm;asmx</Extensions>
    </Filter>
    <Filter Include="Header Files">
      <UniqueIdentifier>{93995380-89BD-4b04-88EB-625FBE52EBFB}</UniqueIdentifier>
      <Extensions>h;hh;hpp;hxx;hm;inl;inc;ipp;xsd</Extensions>
    </Filter>
    <Filter Include="Resource Files">
      <UniqueIdentifier>{67DA6AB6-F800-4c08-8B7A-83BB121AAD01}</UniqueIdentifier>
      <Extensions>rc;ico;cur;bmp;dlg;rc2;rct;bin;rgs;gif;jpg;jpeg;jpe;resx;tiff;tif;png;wav;mfcribbon-ms</Extensions>
    </Filter>
    <Filter Include="Header Files\linked_list">
      <UniqueIdentifier>{0e53fb53-e927-49e9-a92e-e7205aba2871}</UniqueIdentifier>
    </Filter>
    <Filter Include="Header Files\stack">
      <UniqueIdentifier>{0834263a-6dec-499c-a1cb-53298191b958}</UniqueIdentifier>
    </Filter>
    <Filter Include="Header Files\Queue">
      <UniqueIdentifier>{7a543ca9-da6d-49e0-92b2-7edffbba3680}</UniqueIdentifier>
    </Filter>
    <Filter Include="Header Files\Khaled%27s_Queue">
      <UniqueIdentifier>{38f0a2ed-19b1-410b-97b4-4ba98c3dba13}</UniqueIdentifier>
    </Filter>
    <Filter Include="Header Files\Heap">
      <UniqueIdentifier>{490cfbf1-b899-4ec7-a911-8999e3d31596}</UniqueIdentifier>
    </Filter>
    <Filter Include="Header Files\graph_adj_list">
      <UniqueIdentifier>{0211073c-e271-494d-ab5c-c64a07255d34}</UniqueIdentifier>
    </Filter>
    <Filter Include="Header Files\graph_adj_matrix">
      <UniqueIdentifier>{be870a62-2bd9-40f0-8edb-d80964ae2fd6}</UniqueIdentifier>
    </Filter>
    <Filter Include="Header Files\BST">
      <UniqueIdentifier>{febf45e9-4b3b-4a8d-9188-9e560f912b10}</UniqueIdentifier>
    </Filter>
  </ItemGroup>
  <ItemGroup>
    <ClInclude Include="linked_list\LinkedList.h">
      <Filter>Header Files\linked_list</Filter>
    </ClInclude>
    <ClInclude Include="linked_list\Node.h">
      <Filter>Header Files\linked_list</Filter>
    </ClInclude>
    <ClInclude Include="stack\Stack.h">
      <Filter>Header Files\stack</Filter>
    </ClInclude>
    <ClInclude Include="stack\Stack2.h">
      <Filter>Header Files\stack</Filter>
    </ClInclude>
    <ClInclude Include="stack\stack_Node.h">
      <Filter>Header Files\stack</Filter>
    </ClInclude>
    <ClInclude Include="Queue\Node.h">
      <Filter>Header Files\Queue</Filter>
    </ClInclude>
    <ClInclude Include="Queue\Queue.h">
      <Filter>Header Files\Queue</Filter>
    </ClInclude>
    <ClInclude Include="khaled%27s_Queue\Node.h">
      <Filter>Header Files\Khaled%27s_Queue</Filter>
    </ClInclude>
    <ClInclude Include="khaled%27s_Queue\Queue.h">
      <Filter>Header Files\Khaled%27s_Queue</Filter>
    </ClInclude>
    <ClInclude Include="Heap\Heap.h">
      <Filter>Header Files\Heap</Filter>
    </ClInclude>
    <ClInclude Include="Heap\HeapItem.h">
      <Filter>Header Files\Heap</Filter>
    </ClInclude>
    <ClInclude Include="graph_adj_list\GraphAdjList.h">
      <Filter>Header Files\graph_adj_list</Filter>
    </ClInclude>
    <ClInclude Include="graph_adj_matrix\GraphAdjMatrix.h">
      <Filter>Header Files\graph_adj_matrix</Filter>
    </ClInclude>
    <ClInclude Include="BST\BSTree.h">
      <Filter>Header Files\BST</Filter>
    </ClInclude>
    <ClInclude Include="BST\TreeNode.h">
      <Filter>Header Files\BST</Filter>
    </ClInclude>
  </ItemGroup>
  <ItemGroup>
    <ClCompile Include="master_piece.cpp">
      <Filter>Source Files</Filter>
    </ClCompile>
    <ClCompile Include="linked_list\LinkedList.cpp">
      <Filter>Header Files\linked_list</Filter>
    </ClCompile>
    <ClCompile Include="linked_list\Node.cpp">
      <Filter>Header Files\linked_list</Filter>
    </ClCompile>
    <ClCompile Include="graph_adj_list\GraphAdjList.cpp">
      <Filter>Header Files\graph_adj_list</Filter>
    </ClCompile>
    <ClCompile Include="graph_adj_matrix\GraphAdjMatrix.cpp">
      <Filter>Header Files\graph_adj_matrix</Filter>
    </ClCompile>
  </ItemGroup>
</Project>