
Microsoft Visual Studio Solution File, Format Version 12.00
# Visual Studio 2012
Project("{8BC9CEB8-8B4A-11D0-8D11-00A0C91BC942}") = "Stack", "Lab4\Lab4.vcxproj", "{40C614FF-AE97-4CEE-B828-AF511AF7C3D2}"
EndProject
Project("{8BC9CEB8-8B4A-11D0-8D11-00A0C91BC942}") = "Passing_Stack", "Passing_Stack\Passing_Stack.vcxproj", "{6B24A38F-3AEC-43CC-BAF3-0E1579C6808E}"
EndProject
Global
	GlobalSection(SolutionConfigurationPlatforms) = preSolution
		Debug|Win32 = Debug|Win32
		Release|Win32 = Release|Win32
	EndGlobalSection
	GlobalSection(ProjectConfigurationPlatforms) = postSolution
		{40C614FF-AE97-4CEE-B828-AF511AF7C3D2}.Debug|Win32.ActiveCfg = Debug|Win32
		{40C614FF-AE97-4CEE-B828-AF511AF7C3D2}.Debug|Win32.Build.0 = Debug|Win32
		{40C614FF-AE97-4CEE-B828-AF511AF7C3D2}.Release|Win32.ActiveCfg = Release|Win32
		{40C614FF-AE97-4CEE-B828-AF511AF7C3D2}.Release|Win32.Build.0 = Release|Win32
		{6B24A38F-3AEC-43CC-BAF3-0E1579C6808E}.Debug|Win32.ActiveCfg = Debug|Win32
		{6B24A38F-3AEC-43CC-BAF3-0E1579C6808E}.Debug|Win32.Build.0 = Debug|Win32
		{6B24A38F-3AEC-43CC-BAF3-0E1579C6808E}.Release|Win32.ActiveCfg = Release|Win32
		{6B24A38F-3AEC-43CC-BAF3-0E1579C6808E}.Release|Win32.Build.0 = Release|Win32
	EndGlobalSection
	GlobalSection(SolutionProperties) = preSolution
		HideSolutionNode = FALSE
	EndGlobalSection
EndGlobal
